<Solution>
  <Project Path="EmployeeStore.Core/EmployeeStore.Core.csproj" />
  <Project Path="EmployeeStore.DataAccess/EmployeeStore.DataAccess.csproj" />
  <Project Path="OrderStore.Application/OrderStore.Application.csproj" />
  <Project Path="OrderStore.Core/OrderStore.Core.csproj" />
  <Project Path="OrderStore.DataAccess/OrderStore.DataAccess.csproj" />
  <Project Path="WebApplication1/WebApplication1.csproj" />
</Solution>
